
Microsoft Visual Studio Solution File, Format Version 12.00
# Visual Studio Version 17
VisualStudioVersion = 17.10.35013.160
MinimumVisualStudioVersion = 10.0.40219.1
Project("{9A19103F-16F7-4668-BE54-9A1E7A4F7556}") = "BeamCareerCheat", "BeamCareerCheat\BeamCareerCheat.csproj", "{269C359B-1F53-46EF-8F35-E33B2E47752D}"
EndProject
Global
	GlobalSection(SolutionConfigurationPlatforms) = preSolution
		All|Any CPU = All|Any CPU
		Debug|Any CPU = Debug|Any CPU
		DefaultBuild|Any CPU = DefaultBuild|Any CPU
		Release|Any CPU = Release|Any CPU
	EndGlobalSection
	GlobalSection(ProjectConfigurationPlatforms) = postSolution
		{269C359B-1F53-46EF-8F35-E33B2E47752D}.All|Any CPU.ActiveCfg = Release|Any CPU
		{269C359B-1F53-46EF-8F35-E33B2E47752D}.All|Any CPU.Build.0 = Release|Any CPU
		{269C359B-1F53-46EF-8F35-E33B2E47752D}.Debug|Any CPU.ActiveCfg = Debug|Any CPU
		{269C359B-1F53-46EF-8F35-E33B2E47752D}.Debug|Any CPU.Build.0 = Debug|Any CPU
		{269C359B-1F53-46EF-8F35-E33B2E47752D}.DefaultBuild|Any CPU.ActiveCfg = Debug|Any CPU
		{269C359B-1F53-46EF-8F35-E33B2E47752D}.DefaultBuild|Any CPU.Build.0 = Debug|Any CPU
		{269C359B-1F53-46EF-8F35-E33B2E47752D}.Release|Any CPU.ActiveCfg = Release|Any CPU
		{269C359B-1F53-46EF-8F35-E33B2E47752D}.Release|Any CPU.Build.0 = Release|Any CPU
	EndGlobalSection
	GlobalSection(SolutionProperties) = preSolution
		HideSolutionNode = FALSE
	EndGlobalSection
	GlobalSection(ExtensibilityGlobals) = postSolution
		SolutionGuid = {C5EF5171-A75A-4496-BCFA-97BCC05A3B84}
	EndGlobalSection
EndGlobal
